
Microsoft Visual Studio Solution File, Format Version 12.00
# Visual Studio 15
VisualStudioVersion = 15.0.28307.106
MinimumVisualStudioVersion = 10.0.40219.1
Project("{FAE04EC0-301F-11D3-BF4B-00C04F79EFBC}") = "JobAgent.Scheduler", "JobAgent.Scheduler\JobAgent.Scheduler.csproj", "{5968070E-FDE5-48F9-9755-24B884248324}"
EndProject
Project("{FAE04EC0-301F-11D3-BF4B-00C04F79EFBC}") = "JobAgent.WindowService", "JobAgent.WindowService\JobAgent.WindowService.csproj", "{CB09F4FC-54F8-45FB-AD71-A929077E4222}"
EndProject
Global
	GlobalSection(SolutionConfigurationPlatforms) = preSolution
		Debug|Any CPU = Debug|Any CPU
		Release|Any CPU = Release|Any CPU
	EndGlobalSection
	GlobalSection(ProjectConfigurationPlatforms) = postSolution
		{5968070E-FDE5-48F9-9755-24B884248324}.Debug|Any CPU.ActiveCfg = Debug|Any CPU
		{5968070E-FDE5-48F9-9755-24B884248324}.Debug|Any CPU.Build.0 = Debug|Any CPU
		{5968070E-FDE5-48F9-9755-24B884248324}.Release|Any CPU.ActiveCfg = Release|Any CPU
		{5968070E-FDE5-48F9-9755-24B884248324}.Release|Any CPU.Build.0 = Release|Any CPU
		{CB09F4FC-54F8-45FB-AD71-A929077E4222}.Debug|Any CPU.ActiveCfg = Debug|Any CPU
		{CB09F4FC-54F8-45FB-AD71-A929077E4222}.Debug|Any CPU.Build.0 = Debug|Any CPU
		{CB09F4FC-54F8-45FB-AD71-A929077E4222}.Release|Any CPU.ActiveCfg = Release|Any CPU
		{CB09F4FC-54F8-45FB-AD71-A929077E4222}.Release|Any CPU.Build.0 = Release|Any CPU
	EndGlobalSection
	GlobalSection(SolutionProperties) = preSolution
		HideSolutionNode = FALSE
	EndGlobalSection
	GlobalSection(ExtensibilityGlobals) = postSolution
		SolutionGuid = {6BF3D647-C742-4E3C-9B92-C208093E29F4}
	EndGlobalSection
EndGlobal
